Microsoft Visual Studio Solution File, Format Version 12.00
# Visual Studio 15
VisualStudioVersion = 15.0.28010.2048
MinimumVisualStudioVersion = 10.0.40219.1
Project("{FAE04EC0-301F-11D3-BF4B-00C04F79EFBC}") = "MarkovChainGenerator.Android", "MarkovChainGenerator.Android\MarkovChainGenerator.Android.csproj", "{B5A62BCC-AAD9-4564-A9A6-33C37B09A285}"
EndProject
Project("{FAE04EC0-301F-11D3-BF4B-00C04F79EFBC}") = "MarkovChainGenerator.iOS", "MarkovChainGenerator.iOS\MarkovChainGenerator.iOS.csproj", "{7FB4F632-552A-4060-BD5C-3AF0F2C08D0D}"
EndProject
Project("{9A19103F-16F7-4668-BE54-9A1E7A4F7556}") = "MarkovChainGenerator", "MarkovChainGenerator\MarkovChainGenerator.csproj", "{F628C9C7-37A1-476B-933F-789D974C4273}"
EndProject
Global
	GlobalSection(SolutionConfigurationPlatforms) = preSolution
		Ad-Hoc|Any CPU = Ad-Hoc|Any CPU
		Ad-Hoc|iPhone = Ad-Hoc|iPhone
		Ad-Hoc|iPhoneSimulator = Ad-Hoc|iPhoneSimulator
		AppStore|Any CPU = AppStore|Any CPU
		AppStore|iPhone = AppStore|iPhone
		AppStore|iPhoneSimulator = AppStore|iPhoneSimulator
		Debug|Any CPU = Debug|Any CPU
		Debug|iPhone = Debug|iPhone
		Debug|iPhoneSimulator = Debug|iPhoneSimulator
		Release|Any CPU = Release|Any CPU
		Release|iPhone = Release|iPhone
		Release|iPhoneSimulator = Release|iPhoneSimulator
	EndGlobalSection
	GlobalSection(ProjectConfigurationPlatforms) = postSolution
		{B5A62BCC-AAD9-4564-A9A6-33C37B09A285}.Ad-Hoc|Any CPU.ActiveCfg = Release|Any CPU
		{B5A62BCC-AAD9-4564-A9A6-33C37B09A285}.Ad-Hoc|Any CPU.Build.0 = Release|Any CPU
		{B5A62BCC-AAD9-4564-A9A6-33C37B09A285}.Ad-Hoc|Any CPU.Deploy.0 = Release|Any CPU
		{B5A62BCC-AAD9-4564-A9A6-33C37B09A285}.Ad-Hoc|iPhone.ActiveCfg = Debug|Any CPU
		{B5A62BCC-AAD9-4564-A9A6-33C37B09A285}.Ad-Hoc|iPhone.Build.0 = Debug|Any CPU
		{B5A62BCC-AAD9-4564-A9A6-33C37B09A285}.Ad-Hoc|iPhoneSimulator.ActiveCfg = Release|Any CPU
		{B5A62BCC-AAD9-4564-A9A6-33C37B09A285}.Ad-Hoc|iPhoneSimulator.Build.0 = Release|Any CPU
		{B5A62BCC-AAD9-4564-A9A6-33C37B09A285}.Ad-Hoc|iPhoneSimulator.Deploy.0 = Release|Any CPU
		{B5A62BCC-AAD9-4564-A9A6-33C37B09A285}.AppStore|Any CPU.ActiveCfg = Release|Any CPU
		{B5A62BCC-AAD9-4564-A9A6-33C37B09A285}.AppStore|Any CPU.Build.0 = Release|Any CPU
		{B5A62BCC-AAD9-4564-A9A6-33C37B09A285}.AppStore|Any CPU.Deploy.0 = Release|Any CPU
		{B5A62BCC-AAD9-4564-A9A6-33C37B09A285}.AppStore|iPhone.ActiveCfg = Debug|Any CPU
		{B5A62BCC-AAD9-4564-A9A6-33C37B09A285}.AppStore|iPhone.Build.0 = Debug|Any CPU
		{B5A62BCC-AAD9-4564-A9A6-33C37B09A285}.AppStore|iPhoneSimulator.ActiveCfg = Release|Any CPU
		{B5A62BCC-AAD9-4564-A9A6-33C37B09A285}.AppStore|iPhoneSimulator.Build.0 = Release|Any CPU
		{B5A62BCC-AAD9-4564-A9A6-33C37B09A285}.AppStore|iPhoneSimulator.Deploy.0 = Release|Any CPU
		{B5A62BCC-AAD9-4564-A9A6-33C37B09A285}.Debug|Any CPU.ActiveCfg = Debug|Any CPU
		{B5A62BCC-AAD9-4564-A9A6-33C37B09A285}.Debug|Any CPU.Build.0 = Debug|Any CPU
		{B5A62BCC-AAD9-4564-A9A6-33C37B09A285}.Debug|iPhone.ActiveCfg = Debug|Any CPU
		{B5A62BCC-AAD9-4564-A9A6-33C37B09A285}.Debug|iPhone.Build.0 = Debug|Any CPU
		{B5A62BCC-AAD9-4564-A9A6-33C37B09A285}.Debug|iPhoneSimulator.ActiveCfg = Debug|Any CPU
		{B5A62BCC-AAD9-4564-A9A6-33C37B09A285}.Debug|iPhoneSimulator.Build.0 = Debug|Any CPU
		{B5A62BCC-AAD9-4564-A9A6-33C37B09A285}.Release|Any CPU.ActiveCfg = Release|Any CPU
		{B5A62BCC-AAD9-4564-A9A6-33C37B09A285}.Release|Any CPU.Build.0 = Release|Any CPU
		{B5A62BCC-AAD9-4564-A9A6-33C37B09A285}.Release|iPhone.ActiveCfg = Release|Any CPU
		{B5A62BCC-AAD9-4564-A9A6-33C37B09A285}.Release|iPhone.Build.0 = Release|Any CPU
		{B5A62BCC-AAD9-4564-A9A6-33C37B09A285}.Release|iPhoneSimulator.ActiveCfg = Release|Any CPU
		{B5A62BCC-AAD9-4564-A9A6-33C37B09A285}.Release|iPhoneSimulator.Build.0 = Release|Any CPU
		{7FB4F632-552A-4060-BD5C-3AF0F2C08D0D}.Ad-Hoc|Any CPU.ActiveCfg = Ad-Hoc|iPhoneSimulator
		{7FB4F632-552A-4060-BD5C-3AF0F2C08D0D}.Ad-Hoc|iPhone.ActiveCfg = Ad-Hoc|iPhone
		{7FB4F632-552A-4060-BD5C-3AF0F2C08D0D}.Ad-Hoc|iPhone.Build.0 = Ad-Hoc|iPhone
		{7FB4F632-552A-4060-BD5C-3AF0F2C08D0D}.Ad-Hoc|iPhoneSimulator.ActiveCfg = Ad-Hoc|iPhoneSimulator
		{7FB4F632-552A-4060-BD5C-3AF0F2C08D0D}.Ad-Hoc|iPhoneSimulator.Build.0 = Ad-Hoc|iPhoneSimulator
		{7FB4F632-552A-4060-BD5C-3AF0F2C08D0D}.AppStore|Any CPU.ActiveCfg = AppStore|iPhoneSimulator
		{7FB4F632-552A-4060-BD5C-3AF0F2C08D0D}.AppStore|iPhone.ActiveCfg = AppStore|iPhone
		{7FB4F632-552A-4060-BD5C-3AF0F2C08D0D}.AppStore|iPhone.Build.0 = AppStore|iPhone
		{7FB4F632-552A-4060-BD5C-3AF0F2C08D0D}.AppStore|iPhoneSimulator.ActiveCfg = AppStore|iPhoneSimulator
		{7FB4F632-552A-4060-BD5C-3AF0F2C08D0D}.AppStore|iPhoneSimulator.Build.0 = AppStore|iPhoneSimulator
		{7FB4F632-552A-4060-BD5C-3AF0F2C08D0D}.Debug|Any CPU.ActiveCfg = Debug|iPhoneSimulator
		{7FB4F632-552A-4060-BD5C-3AF0F2C08D0D}.Debug|Any CPU.Build.0 = Debug|iPhoneSimulator
		{7FB4F632-552A-4060-BD5C-3AF0F2C08D0D}.Debug|iPhone.ActiveCfg = Debug|iPhone
		{7FB4F632-552A-4060-BD5C-3AF0F2C08D0D}.Debug|iPhone.Build.0 = Debug|iPhone
		{7FB4F632-552A-4060-BD5C-3AF0F2C08D0D}.Debug|iPhoneSimulator.ActiveCfg = Debug|iPhoneSimulator
		{7FB4F632-552A-4060-BD5C-3AF0F2C08D0D}.Debug|iPhoneSimulator.Build.0 = Debug|iPhoneSimulator
		{7FB4F632-552A-4060-BD5C-3AF0F2C08D0D}.Release|Any CPU.ActiveCfg = Release|iPhoneSimulator
		{7FB4F632-552A-4060-BD5C-3AF0F2C08D0D}.Release|Any CPU.Build.0 = Release|iPhoneSimulator
		{7FB4F632-552A-4060-BD5C-3AF0F2C08D0D}.Release|iPhone.ActiveCfg = Release|iPhone
		{7FB4F632-552A-4060-BD5C-3AF0F2C08D0D}.Release|iPhone.Build.0 = Release|iPhone
		{7FB4F632-552A-4060-BD5C-3AF0F2C08D0D}.Release|iPhoneSimulator.ActiveCfg = Release|iPhoneSimulator
		{7FB4F632-552A-4060-BD5C-3AF0F2C08D0D}.Release|iPhoneSimulator.Build.0 = Release|iPhoneSimulator
		{F628C9C7-37A1-476B-933F-789D974C4273}.Ad-Hoc|Any CPU.ActiveCfg = Release|Any CPU
		{F628C9C7-37A1-476B-933F-789D974C4273}.Ad-Hoc|Any CPU.Build.0 = Release|Any CPU
		{F628C9C7-37A1-476B-933F-789D974C4273}.Ad-Hoc|iPhone.ActiveCfg = Debug|Any CPU
		{F628C9C7-37A1-476B-933F-789D974C4273}.Ad-Hoc|iPhone.Build.0 = Debug|Any CPU
		{F628C9C7-37A1-476B-933F-789D974C4273}.Ad-Hoc|iPhoneSimulator.ActiveCfg = Release|Any CPU
		{F628C9C7-37A1-476B-933F-789D974C4273}.Ad-Hoc|iPhoneSimulator.Build.0 = Release|Any CPU
		{F628C9C7-37A1-476B-933F-789D974C4273}.AppStore|Any CPU.ActiveCfg = Release|Any CPU
		{F628C9C7-37A1-476B-933F-789D974C4273}.AppStore|Any CPU.Build.0 = Release|Any CPU
		{F628C9C7-37A1-476B-933F-789D974C4273}.AppStore|iPhone.ActiveCfg = Debug|Any CPU
		{F628C9C7-37A1-476B-933F-789D974C4273}.AppStore|iPhone.Build.0 = Debug|Any CPU
		{F628C9C7-37A1-476B-933F-789D974C4273}.AppStore|iPhoneSimulator.ActiveCfg = Release|Any CPU
		{F628C9C7-37A1-476B-933F-789D974C4273}.AppStore|iPhoneSimulator.Build.0 = Release|Any CPU
		{F628C9C7-37A1-476B-933F-789D974C4273}.Debug|Any CPU.ActiveCfg = Debug|Any CPU
		{F628C9C7-37A1-476B-933F-789D974C4273}.Debug|Any CPU.Build.0 = Debug|Any CPU
		{F628C9C7-37A1-476B-933F-789D974C4273}.Debug|iPhone.ActiveCfg = Debug|Any CPU
		{F628C9C7-37A1-476B-933F-789D974C4273}.Debug|iPhone.Build.0 = Debug|Any CPU
		{F628C9C7-37A1-476B-933F-789D974C4273}.Debug|iPhoneSimulator.ActiveCfg = Debug|Any CPU
		{F628C9C7-37A1-476B-933F-789D974C4273}.Debug|iPhoneSimulator.Build.0 = Debug|Any CPU
		{F628C9C7-37A1-476B-933F-789D974C4273}.Release|Any CPU.ActiveCfg = Release|Any CPU
		{F628C9C7-37A1-476B-933F-789D974C4273}.Release|Any CPU.Build.0 = Release|Any CPU
		{F628C9C7-37A1-476B-933F-789D974C4273}.Release|iPhone.ActiveCfg = Release|Any CPU
		{F628C9C7-37A1-476B-933F-789D974C4273}.Release|iPhone.Build.0 = Release|Any CPU
		{F628C9C7-37A1-476B-933F-789D974C4273}.Release|iPhoneSimulator.ActiveCfg = Release|Any CPU
		{F628C9C7-37A1-476B-933F-789D974C4273}.Release|iPhoneSimulator.Build.0 = Release|Any CPU
	EndGlobalSection
	GlobalSection(SolutionProperties) = preSolution
		HideSolutionNode = FALSE
	EndGlobalSection
	GlobalSection(ExtensibilityGlobals) = postSolution
		SolutionGuid = {73EEE626-3F50-4E78-8B03-E3058E87675F}
	EndGlobalSection
EndGlobal
